
Microsoft Visual Studio Solution File, Format Version 12.00
# Visual Studio Version 17
VisualStudioVersion = 17.14.36518.9 d17.14
MinimumVisualStudioVersion = 10.0.40219.1
Project("{8BC9CEB8-8B4A-11D0-8D11-00A0C91BC942}") = "ILoveChess", "ILoveChess.vcxproj", "{324D006D-5BD0-D960-F1F9-30BE4CBD369D}"
EndProject
Global
	GlobalSection(SolutionConfigurationPlatforms) = preSolution
		Debug|x64 = Debug|x64
		Debug|x86 = Debug|x86
		Release|x64 = Release|x64
		Release|x86 = Release|x86
	EndGlobalSection
	GlobalSection(ProjectConfigurationPlatforms) = postSolution
		{324D006D-5BD0-D960-F1F9-30BE4CBD369D}.Debug|x64.ActiveCfg = Debug|x64
		{324D006D-5BD0-D960-F1F9-30BE4CBD369D}.Debug|x64.Build.0 = Debug|x64
		{324D006D-5BD0-D960-F1F9-30BE4CBD369D}.Debug|x86.ActiveCfg = Debug|Win32
		{324D006D-5BD0-D960-F1F9-30BE4CBD369D}.Debug|x86.Build.0 = Debug|Win32
		{324D006D-5BD0-D960-F1F9-30BE4CBD369D}.Release|x64.ActiveCfg = Release|x64
		{324D006D-5BD0-D960-F1F9-30BE4CBD369D}.Release|x64.Build.0 = Release|x64
		{324D006D-5BD0-D960-F1F9-30BE4CBD369D}.Release|x86.ActiveCfg = Release|Win32
		{324D006D-5BD0-D960-F1F9-30BE4CBD369D}.Release|x86.Build.0 = Release|Win32
	EndGlobalSection
	GlobalSection(SolutionProperties) = preSolution
		HideSolutionNode = FALSE
	EndGlobalSection
	GlobalSection(ExtensibilityGlobals) = postSolution
		SolutionGuid = {5A503884-D24F-45C1-952F-72F1FACCF6D3}
	EndGlobalSection
EndGlobal
